
Microsoft Visual Studio Solution File, Format Version 12.00
# Visual Studio Version 17
VisualStudioVersion = 17.6.33829.357
MinimumVisualStudioVersion = 10.0.40219.1
Project("{FAE04EC0-301F-11D3-BF4B-00C04F79EFBC}") = "WebApi-DatabaseFirst", "WebApi-DatabaseFirst\WebApi-DatabaseFirst.csproj", "{FF9C9E6D-DD00-4C1C-88A2-90B3D57974A7}"
EndProject
Global
	GlobalSection(SolutionConfigurationPlatforms) = preSolution
		Debug|Any CPU = Debug|Any CPU
		Release|Any CPU = Release|Any CPU
	EndGlobalSection
	GlobalSection(ProjectConfigurationPlatforms) = postSolution
		{FF9C9E6D-DD00-4C1C-88A2-90B3D57974A7}.Debug|Any CPU.ActiveCfg = Debug|Any CPU
		{FF9C9E6D-DD00-4C1C-88A2-90B3D57974A7}.Debug|Any CPU.Build.0 = Debug|Any CPU
		{FF9C9E6D-DD00-4C1C-88A2-90B3D57974A7}.Release|Any CPU.ActiveCfg = Release|Any CPU
		{FF9C9E6D-DD00-4C1C-88A2-90B3D57974A7}.Release|Any CPU.Build.0 = Release|Any CPU
	EndGlobalSection
	GlobalSection(SolutionProperties) = preSolution
		HideSolutionNode = FALSE
	EndGlobalSection
	GlobalSection(ExtensibilityGlobals) = postSolution
		SolutionGuid = {710CC9FF-E196-4E30-9F99-F50C37B37F55}
	EndGlobalSection
EndGlobal
